github.com/matthewzhaocc/common v0.0.0-20210117021758-50f5711653a8 h1:+EWy/j/8kT9bw6E0R5+wyk1OYDNU5pvtIlVeQmBl1kQ=
github.com/matthewzhaocc/common v0.0.0-20210117021758-50f5711653a8/go.mod h1:85TCV1/Rqp5fBOjUpfH1WC8zj02QJ3qp6rxYn6UACJs=
gopkg.in/check.v1 v0.0.0-20161208181325-20d25e280405/go.mod h1:Co6ibVJAznAaIkqp8huTwlJQCZ016jof/cbN4VW5Yz0=
gopkg.in/yaml.v2 v2.4.0 h1:D8xgwECY7CYvx+Y2n4sBz93Jn9JRvxdiyyo8CTfuKaY=
gopkg.in/yaml.v2 v2.4.0/go.mod h1:RDklbk79AGWmwhnvt/jBztapEOGDOx6ZbXqjP6csGnQ=
